
Microsoft Visual Studio Solution File, Format Version 12.00
# Visual Studio Version 17
VisualStudioVersion = 17.9.34728.123
MinimumVisualStudioVersion = 10.0.40219.1
Project("{FAE04EC0-301F-11D3-BF4B-00C04F79EFBC}") = "ConsoleOpenAI", "ConsoleOpenAI\ConsoleOpenAI.csproj", "{A0CDB599-F496-4543-AE1F-C46B1ED62F26}"
EndProject
Global
	GlobalSection(SolutionConfigurationPlatforms) = preSolution
		Debug|Any CPU = Debug|Any CPU
		Release|Any CPU = Release|Any CPU
	EndGlobalSection
	GlobalSection(ProjectConfigurationPlatforms) = postSolution
		{A0CDB599-F496-4543-AE1F-C46B1ED62F26}.Debug|Any CPU.ActiveCfg = Debug|Any CPU
		{A0CDB599-F496-4543-AE1F-C46B1ED62F26}.Debug|Any CPU.Build.0 = Debug|Any CPU
		{A0CDB599-F496-4543-AE1F-C46B1ED62F26}.Release|Any CPU.ActiveCfg = Release|Any CPU
		{A0CDB599-F496-4543-AE1F-C46B1ED62F26}.Release|Any CPU.Build.0 = Release|Any CPU
	EndGlobalSection
	GlobalSection(SolutionProperties) = preSolution
		HideSolutionNode = FALSE
	EndGlobalSection
	GlobalSection(ExtensibilityGlobals) = postSolution
		SolutionGuid = {5446DE02-4EAF-4414-95B3-9E8BAA2F9320}
	EndGlobalSection
EndGlobal
